
Microsoft Visual Studio Solution File, Format Version 12.00
# Visual Studio 15
VisualStudioVersion = 15.0.26730.16
MinimumVisualStudioVersion = 10.0.40219.1
Project("{FAE04EC0-301F-11D3-BF4B-00C04F79EFBC}") = "Task1", "Task1\Task1.csproj", "{6AB2AB53-02AA-4E92-A58D-08DE6CE71DCD}"
EndProject
Project("{FAE04EC0-301F-11D3-BF4B-00C04F79EFBC}") = "Task2", "Task2\Task2.csproj", "{C92FFCA3-2BF0-46CC-BAA0-E74B59B8BBC7}"
EndProject
Project("{FAE04EC0-301F-11D3-BF4B-00C04F79EFBC}") = "Task3", "Task3\Task3.csproj", "{3BE5DEEC-527C-4A4F-A748-024331014795}"
EndProject
Project("{FAE04EC0-301F-11D3-BF4B-00C04F79EFBC}") = "Task4", "Task4\Task4.csproj", "{27475742-2ADD-4F51-826E-8257F31EE978}"
EndProject
Project("{FAE04EC0-301F-11D3-BF4B-00C04F79EFBC}") = "Task5", "Task5\Task5.csproj", "{E08131D4-6C74-4E85-8E11-D8788A2C90F3}"
EndProject
Global
	GlobalSection(SolutionConfigurationPlatforms) = preSolution
		Debug|Any CPU = Debug|Any CPU
		Release|Any CPU = Release|Any CPU
	EndGlobalSection
	GlobalSection(ProjectConfigurationPlatforms) = postSolution
		{6AB2AB53-02AA-4E92-A58D-08DE6CE71DCD}.Debug|Any CPU.ActiveCfg = Debug|Any CPU
		{6AB2AB53-02AA-4E92-A58D-08DE6CE71DCD}.Debug|Any CPU.Build.0 = Debug|Any CPU
		{6AB2AB53-02AA-4E92-A58D-08DE6CE71DCD}.Release|Any CPU.ActiveCfg = Release|Any CPU
		{6AB2AB53-02AA-4E92-A58D-08DE6CE71DCD}.Release|Any CPU.Build.0 = Release|Any CPU
		{C92FFCA3-2BF0-46CC-BAA0-E74B59B8BBC7}.Debug|Any CPU.ActiveCfg = Debug|Any CPU
		{C92FFCA3-2BF0-46CC-BAA0-E74B59B8BBC7}.Debug|Any CPU.Build.0 = Debug|Any CPU
		{C92FFCA3-2BF0-46CC-BAA0-E74B59B8BBC7}.Release|Any CPU.ActiveCfg = Release|Any CPU
		{C92FFCA3-2BF0-46CC-BAA0-E74B59B8BBC7}.Release|Any CPU.Build.0 = Release|Any CPU
		{3BE5DEEC-527C-4A4F-A748-024331014795}.Debug|Any CPU.ActiveCfg = Debug|Any CPU
		{3BE5DEEC-527C-4A4F-A748-024331014795}.Debug|Any CPU.Build.0 = Debug|Any CPU
		{3BE5DEEC-527C-4A4F-A748-024331014795}.Release|Any CPU.ActiveCfg = Release|Any CPU
		{3BE5DEEC-527C-4A4F-A748-024331014795}.Release|Any CPU.Build.0 = Release|Any CPU
		{27475742-2ADD-4F51-826E-8257F31EE978}.Debug|Any CPU.ActiveCfg = Debug|Any CPU
		{27475742-2ADD-4F51-826E-8257F31EE978}.Debug|Any CPU.Build.0 = Debug|Any CPU
		{27475742-2ADD-4F51-826E-8257F31EE978}.Release|Any CPU.ActiveCfg = Release|Any CPU
		{27475742-2ADD-4F51-826E-8257F31EE978}.Release|Any CPU.Build.0 = Release|Any CPU
		{E08131D4-6C74-4E85-8E11-D8788A2C90F3}.Debug|Any CPU.ActiveCfg = Debug|Any CPU
		{E08131D4-6C74-4E85-8E11-D8788A2C90F3}.Debug|Any CPU.Build.0 = Debug|Any CPU
		{E08131D4-6C74-4E85-8E11-D8788A2C90F3}.Release|Any CPU.ActiveCfg = Release|Any CPU
		{E08131D4-6C74-4E85-8E11-D8788A2C90F3}.Release|Any CPU.Build.0 = Release|Any CPU
	EndGlobalSection
	GlobalSection(SolutionProperties) = preSolution
		HideSolutionNode = FALSE
	EndGlobalSection
	GlobalSection(ExtensibilityGlobals) = postSolution
		SolutionGuid = {9B9DDE05-E68E-465B-8FFB-2430F2332DAC}
	EndGlobalSection
EndGlobal
